{
    "_readme": [
        "This file locks the dependencies of your project to a known state",
        "Read more about it at https://getcomposer.org/doc/01-basic-usage.md#composer-lock-the-lock-file",
        "This file is @generated automatically"
    ],
    "content-hash": "f2b27662b389536669ec31e23e8e4fbe",
    "packages": [
        {
            "name": "hprose/hprose",
            "version": "v2.0.26",
            "source": {
                "type": "git",
                "url": "https://github.com/hprose/hprose-php.git",
                "reference": "1690310653b746ec38007545fc1cd4c8762356a6"
            },
            "dist": {
                "type": "zip",
                "url": "https://packagist.phpcomposer.com/files/hprose/hprose-php/1690310653b746ec38007545fc1cd4c8762356a6.zip",
                "reference": "1690310653b746ec38007545fc1cd4c8762356a6",
                "shasum": ""
            },
            "require": {
                "php": ">=5.3.0"
            },
            "require-dev": {
                "phpunit/phpunit": ">=4.0.0"
            },
            "suggest": {
                "ext-hprose": "Faster serialize and unserialize hprose extension."
            },
            "type": "library",
            "autoload": {
                "files": [
                    "src/Hprose.php"
                ]
            },
            "notification-url": "https://packagist.org/downloads/",
            "license": [
                "MIT"
            ],
            "authors": [
                {
                    "name": "Ma Bingyao",
                    "email": "andot@hprose.com",
                    "homepage": "http://hprose.com",
                    "role": "Developer"
                }
            ],
            "description": "It is a modern, lightweight, cross-language, cross-platform, object-oriented, high performance, remote dynamic communication middleware. It is not only easy to use, but powerful. You just need a little time to learn, then you can use it to easily construct cross language cross platform distributed application system.",
            "homepage": "http://hprose.com/",
            "keywords": [
                "HTML5",
                "Hprose",
                "Socket",
                "ajax",
                "async",
                "communication",
                "cross-domain",
                "cross-language",
                "cross-platform",
                "framework",
                "future",
                "game",
                "http",
                "json",
                "jsonrpc",
                "library",
                "middleware",
                "phprpc",
                "protocol",
                "rpc",
                "serialization",
                "serialize",
                "service",
                "tcp",
                "unix",
                "web",
                "webapi",
                "webservice",
                "websocket",
                "xmlrpc"
            ],
            "time": "2016-12-22T04:51:09+00:00"
        },
        {
            "name": "hprose/hprose-swoole",
            "version": "v2.0.11",
            "source": {
                "type": "git",
                "url": "https://github.com/hprose/hprose-swoole.git",
                "reference": "606ad66112616e222b8931cdf719e5c5d6849c24"
            },
            "dist": {
                "type": "zip",
                "url": "https://packagist.phpcomposer.com/files/hprose/hprose-swoole/606ad66112616e222b8931cdf719e5c5d6849c24.zip",
                "reference": "606ad66112616e222b8931cdf719e5c5d6849c24",
                "shasum": ""
            },
            "require": {
                "ext-hprose": ">=1.6.5",
                "ext-swoole": ">=1.8.8",
                "hprose/hprose": ">=2.0.23",
                "php": ">=5.3.0"
            },
            "require-dev": {
                "phpunit/phpunit": ">=4.0.0"
            },
            "type": "library",
            "autoload": {
                "psr-4": {
                    "Hprose\\Swoole\\": "src/Hprose/Swoole"
                }
            },
            "notification-url": "https://packagist.org/downloads/",
            "license": [
                "MIT"
            ],
            "authors": [
                {
                    "name": "Ma Bingyao",
                    "email": "andot@hprose.com",
                    "homepage": "http://hprose.com",
                    "role": "Developer"
                }
            ],
            "description": "Hprose asynchronous client & standalone server based on swoole",
            "homepage": "http://hprose.com/",
            "keywords": [
                "HTML5",
                "Hprose",
                "Socket",
                "ajax",
                "async",
                "communication",
                "cross-domain",
                "cross-language",
                "cross-platform",
                "framework",
                "future",
                "game",
                "http",
                "json",
                "jsonrpc",
                "library",
                "middleware",
                "phprpc",
                "protocol",
                "rpc",
                "serialization",
                "serialize",
                "service",
                "tcp",
                "unix",
                "web",
                "webapi",
                "webservice",
                "websocket",
                "xmlrpc"
            ],
            "time": "2016-12-22T04:27:04+00:00"
        },
        {
            "name": "monolog/monolog",
            "version": "1.22.0",
            "source": {
                "type": "git",
                "url": "https://github.com/Seldaek/monolog.git",
                "reference": "bad29cb8d18ab0315e6c477751418a82c850d558"
            },
            "dist": {
                "type": "zip",
                "url": "https://packagist.phpcomposer.com/files/Seldaek/monolog/bad29cb8d18ab0315e6c477751418a82c850d558.zip",
                "reference": "bad29cb8d18ab0315e6c477751418a82c850d558",
                "shasum": ""
            },
            "require": {
                "php": ">=5.3.0",
                "psr/log": "~1.0"
            },
            "provide": {
                "psr/log-implementation": "1.0.0"
            },
            "require-dev": {
                "aws/aws-sdk-php": "^2.4.9 || ^3.0",
                "doctrine/couchdb": "~1.0@dev",
                "graylog2/gelf-php": "~1.0",
                "jakub-onderka/php-parallel-lint": "0.9",
                "php-amqplib/php-amqplib": "~2.4",
                "php-console/php-console": "^3.1.3",
                "phpunit/phpunit": "~4.5",
                "phpunit/phpunit-mock-objects": "2.3.0",
                "ruflin/elastica": ">=0.90 <3.0",
                "sentry/sentry": "^0.13",
                "swiftmailer/swiftmailer": "~5.3"
            },
            "suggest": {
                "aws/aws-sdk-php": "Allow sending log messages to AWS services like DynamoDB",
                "doctrine/couchdb": "Allow sending log messages to a CouchDB server",
                "ext-amqp": "Allow sending log messages to an AMQP server (1.0+ required)",
                "ext-mongo": "Allow sending log messages to a MongoDB server",
                "graylog2/gelf-php": "Allow sending log messages to a GrayLog2 server",
                "mongodb/mongodb": "Allow sending log messages to a MongoDB server via PHP Driver",
                "php-amqplib/php-amqplib": "Allow sending log messages to an AMQP server using php-amqplib",
                "php-console/php-console": "Allow sending log messages to Google Chrome",
                "rollbar/rollbar": "Allow sending log messages to Rollbar",
                "ruflin/elastica": "Allow sending log messages to an Elastic Search server",
                "sentry/sentry": "Allow sending log messages to a Sentry server"
            },
            "type": "library",
            "extra": {
                "branch-alias": {
                    "dev-master": "2.0.x-dev"
                }
            },
            "autoload": {
                "psr-4": {
                    "Monolog\\": "src/Monolog"
                }
            },
            "notification-url": "https://packagist.org/downloads/",
            "license": [
                "MIT"
            ],
            "authors": [
                {
                    "name": "Jordi Boggiano",
                    "email": "j.boggiano@seld.be",
                    "homepage": "http://seld.be"
                }
            ],
            "description": "Sends your logs to files, sockets, inboxes, databases and various web services",
            "homepage": "http://github.com/Seldaek/monolog",
            "keywords": [
                "log",
                "logging",
                "psr-3"
            ],
            "time": "2016-11-26T00:15:39+00:00"
        },
        {
            "name": "psr/log",
            "version": "1.0.2",
            "source": {
                "type": "git",
                "url": "https://github.com/php-fig/log.git",
                "reference": "4ebe3a8bf773a19edfe0a84b6585ba3d401b724d"
            },
            "dist": {
                "type": "zip",
                "url": "https://packagist.phpcomposer.com/files/php-fig/log/4ebe3a8bf773a19edfe0a84b6585ba3d401b724d.zip",
                "reference": "4ebe3a8bf773a19edfe0a84b6585ba3d401b724d",
                "shasum": ""
            },
            "require": {
                "php": ">=5.3.0"
            },
            "type": "library",
            "extra": {
                "branch-alias": {
                    "dev-master": "1.0.x-dev"
                }
            },
            "autoload": {
                "psr-4": {
                    "Psr\\Log\\": "Psr/Log/"
                }
            },
            "notification-url": "https://packagist.org/downloads/",
            "license": [
                "MIT"
            ],
            "authors": [
                {
                    "name": "PHP-FIG",
                    "homepage": "http://www.php-fig.org/"
                }
            ],
            "description": "Common interface for logging libraries",
            "homepage": "https://github.com/php-fig/log",
            "keywords": [
                "log",
                "psr",
                "psr-3"
            ],
            "time": "2016-10-10T12:19:37+00:00"
        },
        {
            "name": "vlucas/phpdotenv",
            "version": "v2.4.0",
            "source": {
                "type": "git",
                "url": "https://github.com/vlucas/phpdotenv.git",
                "reference": "3cc116adbe4b11be5ec557bf1d24dc5e3a21d18c"
            },
            "dist": {
                "type": "zip",
                "url": "https://packagist.phpcomposer.com/files/vlucas/phpdotenv/3cc116adbe4b11be5ec557bf1d24dc5e3a21d18c.zip",
                "reference": "3cc116adbe4b11be5ec557bf1d24dc5e3a21d18c",
                "shasum": ""
            },
            "require": {
                "php": ">=5.3.9"
            },
            "require-dev": {
                "phpunit/phpunit": "^4.8 || ^5.0"
            },
            "type": "library",
            "extra": {
                "branch-alias": {
                    "dev-master": "2.4-dev"
                }
            },
            "autoload": {
                "psr-4": {
                    "Dotenv\\": "src/"
                }
            },
            "notification-url": "https://packagist.org/downloads/",
            "license": [
                "BSD-3-Clause-Attribution"
            ],
            "authors": [
                {
                    "name": "Vance Lucas",
                    "email": "vance@vancelucas.com",
                    "homepage": "http://www.vancelucas.com"
                }
            ],
            "description": "Loads environment variables from `.env` to `getenv()`, `$_ENV` and `$_SERVER` automagically.",
            "keywords": [
                "dotenv",
                "env",
                "environment"
            ],
            "time": "2016-09-01T10:05:43+00:00"
        },
        {
            "name": "xxtea/xxtea",
            "version": "v1.0.1",
            "source": {
                "type": "git",
                "url": "https://github.com/xxtea/xxtea-php.git",
                "reference": "766edc74ae89454cdaab24ee297fb64a9482698c"
            },
            "dist": {
                "type": "zip",
                "url": "https://packagist.phpcomposer.com/files/xxtea/xxtea-php/766edc74ae89454cdaab24ee297fb64a9482698c.zip",
                "reference": "766edc74ae89454cdaab24ee297fb64a9482698c",
                "shasum": ""
            },
            "require": {
                "php": ">=5.2.0"
            },
            "require-dev": {
                "phpunit/phpunit": ">=4.0.0"
            },
            "type": "library",
            "autoload": {
                "files": [
                    "xxtea.php"
                ]
            },
            "notification-url": "https://packagist.org/downloads/",
            "license": [
                "MIT"
            ],
            "authors": [
                {
                    "name": "Ma Bingyao",
                    "email": "mabingyao@gmail.com",
                    "homepage": "https://github.com/xxtea/xxtea-php",
                    "role": "Developer"
                }
            ],
            "description": "XXTEA is a fast and secure encryption algorithm. This is a XXTEA library for PHP.",
            "homepage": "https://github.com/xxtea/xxtea-php",
            "keywords": [
                "crypt",
                "cryptography",
                "decrypt",
                "encrypt",
                "library",
                "security",
                "xxtea"
            ],
            "time": "2016-02-13T11:45:07+00:00"
        }
    ],
    "packages-dev": [],
    "aliases": [],
    "minimum-stability": "stable",
    "stability-flags": [],
    "prefer-stable": false,
    "prefer-lowest": false,
    "platform": [],
    "platform-dev": []
}
